
Microsoft Visual Studio Solution File, Format Version 12.00
# Visual Studio Version 16
VisualStudioVersion = 16.0.30204.135
MinimumVisualStudioVersion = 10.0.40219.1
Project("{9A19103F-16F7-4668-BE54-9A1E7A4F7556}") = "GodelTech.Microservices.Security", "src\GodelTech.Microservices.Security\GodelTech.Microservices.Security.csproj", "{496EAD2C-5D08-4E1A-B050-BDD00992AD0F}"
EndProject
Project("{FAE04EC0-301F-11D3-BF4B-00C04F79EFBC}") = "GodelTech.Microservices.Security.Tests", "test\GodelTech.Microservices.Security.Tests\GodelTech.Microservices.Security.Tests.csproj", "{66142817-985C-46F4-925F-EC0E2EF01B84}"
EndProject
Global
	GlobalSection(SolutionConfigurationPlatforms) = preSolution
		Debug|Any CPU = Debug|Any CPU
		Release|Any CPU = Release|Any CPU
	EndGlobalSection
	GlobalSection(ProjectConfigurationPlatforms) = postSolution
		{496EAD2C-5D08-4E1A-B050-BDD00992AD0F}.Debug|Any CPU.ActiveCfg = Debug|Any CPU
		{496EAD2C-5D08-4E1A-B050-BDD00992AD0F}.Debug|Any CPU.Build.0 = Debug|Any CPU
		{496EAD2C-5D08-4E1A-B050-BDD00992AD0F}.Release|Any CPU.ActiveCfg = Release|Any CPU
		{496EAD2C-5D08-4E1A-B050-BDD00992AD0F}.Release|Any CPU.Build.0 = Release|Any CPU
		{66142817-985C-46F4-925F-EC0E2EF01B84}.Debug|Any CPU.ActiveCfg = Debug|Any CPU
		{66142817-985C-46F4-925F-EC0E2EF01B84}.Debug|Any CPU.Build.0 = Debug|Any CPU
		{66142817-985C-46F4-925F-EC0E2EF01B84}.Release|Any CPU.ActiveCfg = Release|Any CPU
		{66142817-985C-46F4-925F-EC0E2EF01B84}.Release|Any CPU.Build.0 = Release|Any CPU
	EndGlobalSection
	GlobalSection(SolutionProperties) = preSolution
		HideSolutionNode = FALSE
	EndGlobalSection
	GlobalSection(ExtensibilityGlobals) = postSolution
		SolutionGuid = {D9477816-4A93-43F2-B7A5-A85F5A8C0A46}
	EndGlobalSection
EndGlobal
