
Microsoft Visual Studio Solution File, Format Version 12.00
# Visual Studio Version 16
VisualStudioVersion = 16.0.30204.135
MinimumVisualStudioVersion = 10.0.40219.1
Project("{9A19103F-16F7-4668-BE54-9A1E7A4F7556}") = "GodelTech.Microservices.Security", "src\GodelTech.Microservices.Security\GodelTech.Microservices.Security.csproj", "{00000000-0000-0000-0000-000000000001}"
EndProject
Project("{2150E333-8FDC-42A3-9474-1A3956D46DE8}") = "demo", "demo", "{57001CE5-65EE-4704-8833-86010A6EA60B}"
EndProject
Project("{2150E333-8FDC-42A3-9474-1A3956D46DE8}") = "src", "src", "{96BA4B7C-F90F-4942-AA8C-80BAA75210F0}"
EndProject
Project("{2150E333-8FDC-42A3-9474-1A3956D46DE8}") = "test", "test", "{B8B621C3-0411-4852-99C7-C88C629A7E47}"
EndProject
Project("{9A19103F-16F7-4668-BE54-9A1E7A4F7556}") = "GodelTech.Microservices.Security.Tests", "test\GodelTech.Microservices.Security.Tests\GodelTech.Microservices.Security.Tests.csproj", "{00000000-0000-0000-0000-000000000002}"
EndProject
Project("{9A19103F-16F7-4668-BE54-9A1E7A4F7556}") = "GodelTech.Microservices.Security.IntegrationTests", "test\GodelTech.Microservices.Security.IntegrationTests\GodelTech.Microservices.Security.IntegrationTests.csproj", "{00000000-0000-0000-0000-000000000003}"
EndProject
Project("{9A19103F-16F7-4668-BE54-9A1E7A4F7556}") = "GodelTech.Microservices.Security.Demo.Api", "demo\GodelTech.Microservices.Security.Demo.Api\GodelTech.Microservices.Security.Demo.Api.csproj", "{00000000-0000-0000-0000-000000000004}"
EndProject
Project("{9A19103F-16F7-4668-BE54-9A1E7A4F7556}") = "IdentityServer", "demo\IdentityServer\IdentityServer.csproj", "{00000000-0000-0000-0000-000000000007}"
EndProject
Project("{9A19103F-16F7-4668-BE54-9A1E7A4F7556}") = "GodelTech.Microservices.Security.Demo.RazorPages", "demo\GodelTech.Microservices.Security.Demo.RazorPages\GodelTech.Microservices.Security.Demo.RazorPages.csproj", "{00000000-0000-0000-0000-000000000006}"
EndProject
Project("{9A19103F-16F7-4668-BE54-9A1E7A4F7556}") = "GodelTech.Microservices.Security.Demo.Mvc", "demo\GodelTech.Microservices.Security.Demo.Mvc\GodelTech.Microservices.Security.Demo.Mvc.csproj", "{00000000-0000-0000-0000-000000000005}"
EndProject
Project("{FAE04EC0-301F-11D3-BF4B-00C04F79EFBC}") = "GodelTech.Microservices.Security.SeleniumTests", "test\GodelTech.Microservices.Security.SeleniumTests\GodelTech.Microservices.Security.SeleniumTests.csproj", "{1D4C4857-F90F-40ED-A1AF-1EF5BE0A7BA3}"
EndProject
Global
	GlobalSection(SolutionConfigurationPlatforms) = preSolution
		Debug|Any CPU = Debug|Any CPU
		Release|Any CPU = Release|Any CPU
	EndGlobalSection
	GlobalSection(ProjectConfigurationPlatforms) = postSolution
		{00000000-0000-0000-0000-000000000001}.Debug|Any CPU.ActiveCfg = Debug|Any CPU
		{00000000-0000-0000-0000-000000000001}.Debug|Any CPU.Build.0 = Debug|Any CPU
		{00000000-0000-0000-0000-000000000001}.Release|Any CPU.ActiveCfg = Release|Any CPU
		{00000000-0000-0000-0000-000000000001}.Release|Any CPU.Build.0 = Release|Any CPU
		{00000000-0000-0000-0000-000000000002}.Debug|Any CPU.ActiveCfg = Debug|Any CPU
		{00000000-0000-0000-0000-000000000002}.Debug|Any CPU.Build.0 = Debug|Any CPU
		{00000000-0000-0000-0000-000000000002}.Release|Any CPU.ActiveCfg = Release|Any CPU
		{00000000-0000-0000-0000-000000000002}.Release|Any CPU.Build.0 = Release|Any CPU
		{00000000-0000-0000-0000-000000000003}.Debug|Any CPU.ActiveCfg = Debug|Any CPU
		{00000000-0000-0000-0000-000000000003}.Debug|Any CPU.Build.0 = Debug|Any CPU
		{00000000-0000-0000-0000-000000000003}.Release|Any CPU.ActiveCfg = Release|Any CPU
		{00000000-0000-0000-0000-000000000003}.Release|Any CPU.Build.0 = Release|Any CPU
		{00000000-0000-0000-0000-000000000004}.Debug|Any CPU.ActiveCfg = Debug|Any CPU
		{00000000-0000-0000-0000-000000000004}.Debug|Any CPU.Build.0 = Debug|Any CPU
		{00000000-0000-0000-0000-000000000004}.Release|Any CPU.ActiveCfg = Release|Any CPU
		{00000000-0000-0000-0000-000000000004}.Release|Any CPU.Build.0 = Release|Any CPU
		{00000000-0000-0000-0000-000000000007}.Debug|Any CPU.ActiveCfg = Debug|Any CPU
		{00000000-0000-0000-0000-000000000007}.Debug|Any CPU.Build.0 = Debug|Any CPU
		{00000000-0000-0000-0000-000000000007}.Release|Any CPU.ActiveCfg = Release|Any CPU
		{00000000-0000-0000-0000-000000000007}.Release|Any CPU.Build.0 = Release|Any CPU
		{00000000-0000-0000-0000-000000000006}.Debug|Any CPU.ActiveCfg = Debug|Any CPU
		{00000000-0000-0000-0000-000000000006}.Debug|Any CPU.Build.0 = Debug|Any CPU
		{00000000-0000-0000-0000-000000000006}.Release|Any CPU.ActiveCfg = Release|Any CPU
		{00000000-0000-0000-0000-000000000006}.Release|Any CPU.Build.0 = Release|Any CPU
		{00000000-0000-0000-0000-000000000005}.Debug|Any CPU.ActiveCfg = Debug|Any CPU
		{00000000-0000-0000-0000-000000000005}.Debug|Any CPU.Build.0 = Debug|Any CPU
		{00000000-0000-0000-0000-000000000005}.Release|Any CPU.ActiveCfg = Release|Any CPU
		{00000000-0000-0000-0000-000000000005}.Release|Any CPU.Build.0 = Release|Any CPU
		{1D4C4857-F90F-40ED-A1AF-1EF5BE0A7BA3}.Debug|Any CPU.ActiveCfg = Debug|Any CPU
		{1D4C4857-F90F-40ED-A1AF-1EF5BE0A7BA3}.Debug|Any CPU.Build.0 = Debug|Any CPU
		{1D4C4857-F90F-40ED-A1AF-1EF5BE0A7BA3}.Release|Any CPU.ActiveCfg = Release|Any CPU
		{1D4C4857-F90F-40ED-A1AF-1EF5BE0A7BA3}.Release|Any CPU.Build.0 = Release|Any CPU
	EndGlobalSection
	GlobalSection(SolutionProperties) = preSolution
		HideSolutionNode = FALSE
	EndGlobalSection
	GlobalSection(NestedProjects) = preSolution
		{00000000-0000-0000-0000-000000000001} = {96BA4B7C-F90F-4942-AA8C-80BAA75210F0}
		{00000000-0000-0000-0000-000000000002} = {B8B621C3-0411-4852-99C7-C88C629A7E47}
		{00000000-0000-0000-0000-000000000003} = {B8B621C3-0411-4852-99C7-C88C629A7E47}
		{00000000-0000-0000-0000-000000000004} = {57001CE5-65EE-4704-8833-86010A6EA60B}
		{00000000-0000-0000-0000-000000000007} = {57001CE5-65EE-4704-8833-86010A6EA60B}
		{00000000-0000-0000-0000-000000000006} = {57001CE5-65EE-4704-8833-86010A6EA60B}
		{00000000-0000-0000-0000-000000000005} = {57001CE5-65EE-4704-8833-86010A6EA60B}
		{1D4C4857-F90F-40ED-A1AF-1EF5BE0A7BA3} = {B8B621C3-0411-4852-99C7-C88C629A7E47}
	EndGlobalSection
	GlobalSection(ExtensibilityGlobals) = postSolution
		SolutionGuid = {D9477816-4A93-43F2-B7A5-A85F5A8C0A46}
	EndGlobalSection
EndGlobal
